
Microsoft Visual Studio Solution File, Format Version 12.00
# Visual Studio Version 17
VisualStudioVersion = 17.14.37216.2 d17.14
MinimumVisualStudioVersion = 10.0.40219.1
Project("{FAE04EC0-301F-11D3-BF4B-00C04F79EFBC}") = "MVCDemoApp", "MVCDemoApp.csproj", "{31EB0BB5-91EC-4640-859A-E46ED48C80F1}"
EndProject
Global
	GlobalSection(SolutionConfigurationPlatforms) = preSolution
		Debug|Any CPU = Debug|Any CPU
		Release|Any CPU = Release|Any CPU
	EndGlobalSection
	GlobalSection(ProjectConfigurationPlatforms) = postSolution
		{31EB0BB5-91EC-4640-859A-E46ED48C80F1}.Debug|Any CPU.ActiveCfg = Debug|Any CPU
		{31EB0BB5-91EC-4640-859A-E46ED48C80F1}.Debug|Any CPU.Build.0 = Debug|Any CPU
		{31EB0BB5-91EC-4640-859A-E46ED48C80F1}.Release|Any CPU.ActiveCfg = Release|Any CPU
		{31EB0BB5-91EC-4640-859A-E46ED48C80F1}.Release|Any CPU.Build.0 = Release|Any CPU
	EndGlobalSection
	GlobalSection(SolutionProperties) = preSolution
		HideSolutionNode = FALSE
	EndGlobalSection
	GlobalSection(ExtensibilityGlobals) = postSolution
		SolutionGuid = {5C0037E2-0FAA-461F-865F-8554B6D9FC66}
	EndGlobalSection
EndGlobal
